// !$*UTF8*$!
{
	archiveVersion = 1;
	classes = {
	};
	objectVersion = 46;
	objects = {

/* Begin PBXBuildFile section */
		BB1AFFD71A98FF520088E9CD /* TreesAndGraphs.swift in Sources */ = {isa = PBXBuildFile; fileRef = BBE081141A985FA300624BD1 /* TreesAndGraphs.swift */; };
		BB1AFFD81A99001B0088E9CD /* TreesAndGraphs.swift in Sources */ = {isa = PBXBuildFile; fileRef = BBE081141A985FA300624BD1 /* TreesAndGraphs.swift */; };
		BB6927ED1A96B8E300DEC31A /* StacksAndQueues.swift in Sources */ = {isa = PBXBuildFile; fileRef = BB6927EC1A96B8E300DEC31A /* StacksAndQueues.swift */; };
		BB6D4A131A94548D00BAF2AF /* main.swift in Sources */ = {isa = PBXBuildFile; fileRef = BB6D4A121A94548D00BAF2AF /* main.swift */; };
		BB9DD8221A9648F500B8C4BE /* LinkedLists.swift in Sources */ = {isa = PBXBuildFile; fileRef = BB9DD8211A9648F500B8C4BE /* LinkedLists.swift */; };
		BBE080FA1A983A2F00624BD1 /* ArraysAndStrings.swift in Sources */ = {isa = PBXBuildFile; fileRef = BBE080F91A983A2F00624BD1 /* ArraysAndStrings.swift */; };
		BBE081041A983BE900624BD1 /* SwiftTechnicalQuestionsTests.swift in Sources */ = {isa = PBXBuildFile; fileRef = BBE081031A983BE900624BD1 /* SwiftTechnicalQuestionsTests.swift */; };
		BBE0810A1A983CF400624BD1 /* ArraysAndStrings.swift in Sources */ = {isa = PBXBuildFile; fileRef = BBE080F91A983A2F00624BD1 /* ArraysAndStrings.swift */; };
		BBE0810B1A983CF700624BD1 /* StacksAndQueues.swift in Sources */ = {isa = PBXBuildFile; fileRef = BB6927EC1A96B8E300DEC31A /* StacksAndQueues.swift */; };
		BBE0810C1A983CFA00624BD1 /* LinkedLists.swift in Sources */ = {isa = PBXBuildFile; fileRef = BB9DD8211A9648F500B8C4BE /* LinkedLists.swift */; };
		BBE0810D1A983CFD00624BD1 /* main.swift in Sources */ = {isa = PBXBuildFile; fileRef = BB6D4A121A94548D00BAF2AF /* main.swift */; };
		BBE0810F1A9840E500624BD1 /* ArraysAndStringsTest.swift in Sources */ = {isa = PBXBuildFile; fileRef = BBE0810E1A9840E500624BD1 /* ArraysAndStringsTest.swift */; };
		BBE081111A98443000624BD1 /* StacksAndQueuesTests.swift in Sources */ = {isa = PBXBuildFile; fileRef = BBE081101A98443000624BD1 /* StacksAndQueuesTests.swift */; };
		BBE081131A98444F00624BD1 /* LinkedListsTests.swift in Sources */ = {isa = PBXBuildFile; fileRef = BBE081121A98444F00624BD1 /* LinkedListsTests.swift */; };
		BBE081181A98F53000624BD1 /* TreesAndGraphsTest.swift in Sources */ = {isa = PBXBuildFile; fileRef = BBE081171A98F53000624BD1 /* TreesAndGraphsTest.swift */; };
/* End PBXBuildFile section */

/* Begin PBXContainerItemProxy section */
		BBE081081A983C6300624BD1 /* PBXContainerItemProxy */ = {
			isa = PBXContainerItemProxy;
			containerPortal = BB6D4A071A94548D00BAF2AF /* Project object */;
			proxyType = 1;
			remoteGlobalIDString = BB6D4A0E1A94548D00BAF2AF;
			remoteInfo = SwiftTechnicalQuestions;
		};
/* End PBXContainerItemProxy section */

/* Begin PBXCopyFilesBuildPhase section */
		BB6D4A0D1A94548D00BAF2AF /* CopyFiles */ = {
			isa = PBXCopyFilesBuildPhase;
			buildActionMask = 2147483647;
			dstPath = /usr/share/man/man1/;
			dstSubfolderSpec = 0;
			files = (
			);
			runOnlyForDeploymentPostprocessing = 1;
		};
/* End PBXCopyFilesBuildPhase section */

/* Begin PBXFileReference section */
		BB6927EC1A96B8E300DEC31A /* StacksAndQueues.swift */ = {isa = PBXFileReference; fileEncoding = 4; lastKnownFileType = sourcecode.swift; path = StacksAndQueues.swift; sourceTree = "<group>"; };
		BB6D4A0F1A94548D00BAF2AF /* SwiftTechnicalQuestions */ = {isa = PBXFileReference; explicitFileType = "compiled.mach-o.executable"; includeInIndex = 0; path = SwiftTechnicalQuestions; sourceTree = BUILT_PRODUCTS_DIR; };
		BB6D4A121A94548D00BAF2AF /* main.swift */ = {isa = PBXFileReference; lastKnownFileType = sourcecode.swift; path = main.swift; sourceTree = "<group>"; };
		BB8AE60B1A94560200DCD738 /* ArraysAndStrings.playground */ = {isa = PBXFileReference; lastKnownFileType = file.playground; name = ArraysAndStrings.playground; path = SwiftTechnicalQuestions/ArraysAndStrings.playground; sourceTree = "<group>"; };
		BB9DD8211A9648F500B8C4BE /* LinkedLists.swift */ = {isa = PBXFileReference; fileEncoding = 4; lastKnownFileType = sourcecode.swift; path = LinkedLists.swift; sourceTree = "<group>"; };
		BBD6E95B1A95B3BD00DF3252 /* LinkedLists.playground */ = {isa = PBXFileReference; lastKnownFileType = file.playground; name = LinkedLists.playground; path = SwiftTechnicalQuestions/LinkedLists.playground; sourceTree = "<group>"; };
		BBE080E41A98355100624BD1 /* MyPlayground.playground */ = {isa = PBXFileReference; lastKnownFileType = file.playground; path = MyPlayground.playground; sourceTree = "<group>"; };
		BBE080F91A983A2F00624BD1 /* ArraysAndStrings.swift */ = {isa = PBXFileReference; fileEncoding = 4; lastKnownFileType = sourcecode.swift; path = ArraysAndStrings.swift; sourceTree = "<group>"; };
		BBE080FF1A983BE900624BD1 /* SwiftTechnicalQuestionsTests.xctest */ = {isa = PBXFileReference; explicitFileType = wrapper.cfbundle; includeInIndex = 0; path = SwiftTechnicalQuestionsTests.xctest; sourceTree = BUILT_PRODUCTS_DIR; };
		BBE081021A983BE900624BD1 /* Info.plist */ = {isa = PBXFileReference; lastKnownFileType = text.plist.xml; path = Info.plist; sourceTree = "<group>"; };
		BBE081031A983BE900624BD1 /* SwiftTechnicalQuestionsTests.swift */ = {isa = PBXFileReference; lastKnownFileType = sourcecode.swift; path = SwiftTechnicalQuestionsTests.swift; sourceTree = "<group>"; };
		BBE0810E1A9840E500624BD1 /* ArraysAndStringsTest.swift */ = {isa = PBXFileReference; fileEncoding = 4; lastKnownFileType = sourcecode.swift; path = ArraysAndStringsTest.swift; sourceTree = "<group>"; };
		BBE081101A98443000624BD1 /* StacksAndQueuesTests.swift */ = {isa = PBXFileReference; fileEncoding = 4; lastKnownFileType = sourcecode.swift; path = StacksAndQueuesTests.swift; sourceTree = "<group>"; };
		BBE081121A98444F00624BD1 /* LinkedListsTests.swift */ = {isa = PBXFileReference; fileEncoding = 4; lastKnownFileType = sourcecode.swift; path = LinkedListsTests.swift; sourceTree = "<group>"; };
		BBE081141A985FA300624BD1 /* TreesAndGraphs.swift */ = {isa = PBXFileReference; fileEncoding = 4; lastKnownFileType = sourcecode.swift; path = TreesAndGraphs.swift; sourceTree = "<group>"; };
		BBE081171A98F53000624BD1 /* TreesAndGraphsTest.swift */ = {isa = PBXFileReference; fileEncoding = 4; lastKnownFileType = sourcecode.swift; path = TreesAndGraphsTest.swift; sourceTree = "<group>"; };
/* End PBXFileReference section */

/* Begin PBXFrameworksBuildPhase section */
		BB6D4A0C1A94548D00BAF2AF /* Frameworks */ = {
			isa = PBXFrameworksBuildPhase;
			buildActionMask = 2147483647;
			files = (
			);
			runOnlyForDeploymentPostprocessing = 0;
		};
		BBE080FC1A983BE900624BD1 /* Frameworks */ = {
			isa = PBXFrameworksBuildPhase;
			buildActionMask = 2147483647;
			files = (
			);
			runOnlyForDeploymentPostprocessing = 0;
		};
/* End PBXFrameworksBuildPhase section */

/* Begin PBXGroup section */
		BB6D4A061A94548D00BAF2AF = {
			isa = PBXGroup;
			children = (
				BBE080E41A98355100624BD1 /* MyPlayground.playground */,
				BBD6E95B1A95B3BD00DF3252 /* LinkedLists.playground */,
				BB8AE60B1A94560200DCD738 /* ArraysAndStrings.playground */,
				BB6D4A111A94548D00BAF2AF /* SwiftTechnicalQuestions */,
				BBE081001A983BE900624BD1 /* SwiftTechnicalQuestionsTests */,
				BB6D4A101A94548D00BAF2AF /* Products */,
			);
			sourceTree = "<group>";
		};
		BB6D4A101A94548D00BAF2AF /* Products */ = {
			isa = PBXGroup;
			children = (
				BB6D4A0F1A94548D00BAF2AF /* SwiftTechnicalQuestions */,
				BBE080FF1A983BE900624BD1 /* SwiftTechnicalQuestionsTests.xctest */,
			);
			name = Products;
			sourceTree = "<group>";
		};
		BB6D4A111A94548D00BAF2AF /* SwiftTechnicalQuestions */ = {
			isa = PBXGroup;
			children = (
				BB6D4A121A94548D00BAF2AF /* main.swift */,
				BB9DD8211A9648F500B8C4BE /* LinkedLists.swift */,
				BB6927EC1A96B8E300DEC31A /* StacksAndQueues.swift */,
				BBE080F91A983A2F00624BD1 /* ArraysAndStrings.swift */,
				BBE081141A985FA300624BD1 /* TreesAndGraphs.swift */,
			);
			path = SwiftTechnicalQuestions;
			sourceTree = "<group>";
		};
		BBE081001A983BE900624BD1 /* SwiftTechnicalQuestionsTests */ = {
			isa = PBXGroup;
			children = (
				BBE081171A98F53000624BD1 /* TreesAndGraphsTest.swift */,
				BBE081031A983BE900624BD1 /* SwiftTechnicalQuestionsTests.swift */,
				BBE0810E1A9840E500624BD1 /* ArraysAndStringsTest.swift */,
				BBE081101A98443000624BD1 /* StacksAndQueuesTests.swift */,
				BBE081121A98444F00624BD1 /* LinkedListsTests.swift */,
				BBE081011A983BE900624BD1 /* Supporting Files */,
			);
			path = SwiftTechnicalQuestionsTests;
			sourceTree = "<group>";
		};
		BBE081011A983BE900624BD1 /* Supporting Files */ = {
			isa = PBXGroup;
			children = (
				BBE081021A983BE900624BD1 /* Info.plist */,
			);
			name = "Supporting Files";
			sourceTree = "<group>";
		};
/* End PBXGroup section */

/* Begin PBXNativeTarget section */
		BB6D4A0E1A94548D00BAF2AF /* SwiftTechnicalQuestions */ = {
			isa = PBXNativeTarget;
			buildConfigurationList = BB6D4A161A94548D00BAF2AF /* Build configuration list for PBXNativeTarget "SwiftTechnicalQuestions" */;
			buildPhases = (
				BB6D4A0B1A94548D00BAF2AF /* Sources */,
				BB6D4A0C1A94548D00BAF2AF /* Frameworks */,
				BB6D4A0D1A94548D00BAF2AF /* CopyFiles */,
			);
			buildRules = (
			);
			dependencies = (
			);
			name = SwiftTechnicalQuestions;
			productName = SwiftTechnicalQuestions;
			productReference = BB6D4A0F1A94548D00BAF2AF /* SwiftTechnicalQuestions */;
			productType = "com.apple.product-type.tool";
		};
		BBE080FE1A983BE900624BD1 /* SwiftTechnicalQuestionsTests */ = {
			isa = PBXNativeTarget;
			buildConfigurationList = BBE081051A983BE900624BD1 /* Build configuration list for PBXNativeTarget "SwiftTechnicalQuestionsTests" */;
			buildPhases = (
				BBE080FB1A983BE900624BD1 /* Sources */,
				BBE080FC1A983BE900624BD1 /* Frameworks */,
				BBE080FD1A983BE900624BD1 /* Resources */,
			);
			buildRules = (
			);
			dependencies = (
				BBE081091A983C6300624BD1 /* PBXTargetDependency */,
			);
			name = SwiftTechnicalQuestionsTests;
			productName = SwiftTechnicalQuestionsTests;
			productReference = BBE080FF1A983BE900624BD1 /* SwiftTechnicalQuestionsTests.xctest */;
			productType = "com.apple.product-type.bundle.unit-test";
		};
/* End PBXNativeTarget section */

/* Begin PBXProject section */
		BB6D4A071A94548D00BAF2AF /* Project object */ = {
			isa = PBXProject;
			attributes = {
				LastUpgradeCheck = 0610;
				ORGANIZATIONNAME = "David Norman";
				TargetAttributes = {
					BB6D4A0E1A94548D00BAF2AF = {
						CreatedOnToolsVersion = 6.1.1;
					};
					BBE080FE1A983BE900624BD1 = {
						CreatedOnToolsVersion = 6.3;
					};
				};
			};
			buildConfigurationList = BB6D4A0A1A94548D00BAF2AF /* Build configuration list for PBXProject "SwiftTechnicalQuestions" */;
			compatibilityVersion = "Xcode 3.2";
			developmentRegion = English;
			hasScannedForEncodings = 0;
			knownRegions = (
				en,
			);
			mainGroup = BB6D4A061A94548D00BAF2AF;
			productRefGroup = BB6D4A101A94548D00BAF2AF /* Products */;
			projectDirPath = "";
			projectRoot = "";
			targets = (
				BB6D4A0E1A94548D00BAF2AF /* SwiftTechnicalQuestions */,
				BBE080FE1A983BE900624BD1 /* SwiftTechnicalQuestionsTests */,
			);
		};
/* End PBXProject section */

/* Begin PBXResourcesBuildPhase section */
		BBE080FD1A983BE900624BD1 /* Resources */ = {
			isa = PBXResourcesBuildPhase;
			buildActionMask = 2147483647;
			files = (
			);
			runOnlyForDeploymentPostprocessing = 0;
		};
/* End PBXResourcesBuildPhase section */

/* Begin PBXSourcesBuildPhase section */
		BB6D4A0B1A94548D00BAF2AF /* Sources */ = {
			isa = PBXSourcesBuildPhase;
			buildActionMask = 2147483647;
			files = (
				BB1AFFD71A98FF520088E9CD /* TreesAndGraphs.swift in Sources */,
				BBE080FA1A983A2F00624BD1 /* ArraysAndStrings.swift in Sources */,
				BB9DD8221A9648F500B8C4BE /* LinkedLists.swift in Sources */,
				BB6927ED1A96B8E300DEC31A /* StacksAndQueues.swift in Sources */,
				BB6D4A131A94548D00BAF2AF /* main.swift in Sources */,
			);
			runOnlyForDeploymentPostprocessing = 0;
		};
		BBE080FB1A983BE900624BD1 /* Sources */ = {
			isa = PBXSourcesBuildPhase;
			buildActionMask = 2147483647;
			files = (
				BBE0810F1A9840E500624BD1 /* ArraysAndStringsTest.swift in Sources */,
				BBE081111A98443000624BD1 /* StacksAndQueuesTests.swift in Sources */,
				BBE081181A98F53000624BD1 /* TreesAndGraphsTest.swift in Sources */,
				BBE081131A98444F00624BD1 /* LinkedListsTests.swift in Sources */,
				BBE0810A1A983CF400624BD1 /* ArraysAndStrings.swift in Sources */,
				BBE0810D1A983CFD00624BD1 /* main.swift in Sources */,
				BBE0810B1A983CF700624BD1 /* StacksAndQueues.swift in Sources */,
				BBE0810C1A983CFA00624BD1 /* LinkedLists.swift in Sources */,
				BB1AFFD81A99001B0088E9CD /* TreesAndGraphs.swift in Sources */,
				BBE081041A983BE900624BD1 /* SwiftTechnicalQuestionsTests.swift in Sources */,
			);
			runOnlyForDeploymentPostprocessing = 0;
		};
/* End PBXSourcesBuildPhase section */

/* Begin PBXTargetDependency section */
		BBE081091A983C6300624BD1 /* PBXTargetDependency */ = {
			isa = PBXTargetDependency;
			target = BB6D4A0E1A94548D00BAF2AF /* SwiftTechnicalQuestions */;
			targetProxy = BBE081081A983C6300624BD1 /* PBXContainerItemProxy */;
		};
/* End PBXTargetDependency section */

/* Begin XCBuildConfiguration section */
		BB6D4A141A94548D00BAF2AF /* Debug */ = {
			isa = XCBuildConfiguration;
			buildSettings = {
				ALWAYS_SEARCH_USER_PATHS = NO;
				CLANG_CXX_LANGUAGE_STANDARD = "gnu++0x";
				CLANG_CXX_LIBRARY = "libc++";
				CLANG_ENABLE_MODULES = YES;
				CLANG_ENABLE_OBJC_ARC = YES;
				CLANG_WARN_BOOL_CONVERSION = YES;
				CLANG_WARN_CONSTANT_CONVERSION = YES;
				CLANG_WARN_DIRECT_OBJC_ISA_USAGE = YES_ERROR;
				CLANG_WARN_EMPTY_BODY = YES;
				CLANG_WARN_ENUM_CONVERSION = YES;
				CLANG_WARN_INT_CONVERSION = YES;
				CLANG_WARN_OBJC_ROOT_CLASS = YES_ERROR;
				CLANG_WARN_UNREACHABLE_CODE = YES;
				CLANG_WARN__DUPLICATE_METHOD_MATCH = YES;
				COPY_PHASE_STRIP = NO;
				ENABLE_STRICT_OBJC_MSGSEND = YES;
				GCC_C_LANGUAGE_STANDARD = gnu99;
				GCC_DYNAMIC_NO_PIC = NO;
				GCC_OPTIMIZATION_LEVEL = 0;
				GCC_PREPROCESSOR_DEFINITIONS = (
					"DEBUG=1",
					"$(inherited)",
				);
				GCC_SYMBOLS_PRIVATE_EXTERN = NO;
				GCC_WARN_64_TO_32_BIT_CONVERSION = YES;
				GCC_WARN_ABOUT_RETURN_TYPE = YES_ERROR;
				GCC_WARN_UNDECLARED_SELECTOR = YES;
				GCC_WARN_UNINITIALIZED_AUTOS = YES_AGGRESSIVE;
				GCC_WARN_UNUSED_FUNCTION = YES;
				GCC_WARN_UNUSED_VARIABLE = YES;
				MACOSX_DEPLOYMENT_TARGET = 10.10;
				MTL_ENABLE_DEBUG_INFO = YES;
				ONLY_ACTIVE_ARCH = YES;
				SDKROOT = macosx;
				SWIFT_OPTIMIZATION_LEVEL = "-Onone";
			};
			name = Debug;
		};
		BB6D4A151A94548D00BAF2AF /* Release */ = {
			isa = XCBuildConfiguration;
			buildSettings = {
				ALWAYS_SEARCH_USER_PATHS = NO;
				CLANG_CXX_LANGUAGE_STANDARD = "gnu++0x";
				CLANG_CXX_LIBRARY = "libc++";
				CLANG_ENABLE_MODULES = YES;
				CLANG_ENABLE_OBJC_ARC = YES;
				CLANG_WARN_BOOL_CONVERSION = YES;
				CLANG_WARN_CONSTANT_CONVERSION = YES;
				CLANG_WARN_DIRECT_OBJC_ISA_USAGE = YES_ERROR;
				CLANG_WARN_EMPTY_BODY = YES;
				CLANG_WARN_ENUM_CONVERSION = YES;
				CLANG_WARN_INT_CONVERSION = YES;
				CLANG_WARN_OBJC_ROOT_CLASS = YES_ERROR;
				CLANG_WARN_UNREACHABLE_CODE = YES;
				CLANG_WARN__DUPLICATE_METHOD_MATCH = YES;
				COPY_PHASE_STRIP = YES;
				DEBUG_INFORMATION_FORMAT = "dwarf-with-dsym";
				ENABLE_NS_ASSERTIONS = NO;
				ENABLE_STRICT_OBJC_MSGSEND = YES;
				GCC_C_LANGUAGE_STANDARD = gnu99;
				GCC_WARN_64_TO_32_BIT_CONVERSION = YES;
				GCC_WARN_ABOUT_RETURN_TYPE = YES_ERROR;
				GCC_WARN_UNDECLARED_SELECTOR = YES;
				GCC_WARN_UNINITIALIZED_AUTOS = YES_AGGRESSIVE;
				GCC_WARN_UNUSED_FUNCTION = YES;
				GCC_WARN_UNUSED_VARIABLE = YES;
				MACOSX_DEPLOYMENT_TARGET = 10.10;
				MTL_ENABLE_DEBUG_INFO = NO;
				SDKROOT = macosx;
			};
			name = Release;
		};
		BB6D4A171A94548D00BAF2AF /* Debug */ = {
			isa = XCBuildConfiguration;
			buildSettings = {
				PRODUCT_NAME = "$(TARGET_NAME)";
			};
			name = Debug;
		};
		BB6D4A181A94548D00BAF2AF /* Release */ = {
			isa = XCBuildConfiguration;
			buildSettings = {
				PRODUCT_NAME = "$(TARGET_NAME)";
			};
			name = Release;
		};
		BBE081061A983BE900624BD1 /* Debug */ = {
			isa = XCBuildConfiguration;
			buildSettings = {
				COMBINE_HIDPI_IMAGES = YES;
				DEBUG_INFORMATION_FORMAT = dwarf;
				FRAMEWORK_SEARCH_PATHS = (
					"$(DEVELOPER_FRAMEWORKS_DIR)",
					"$(inherited)",
				);
				GCC_PREPROCESSOR_DEFINITIONS = (
					"DEBUG=1",
					"$(inherited)",
				);
				INFOPLIST_FILE = SwiftTechnicalQuestionsTests/Info.plist;
				LD_RUNPATH_SEARCH_PATHS = "$(inherited) @executable_path/../Frameworks @loader_path/../Frameworks";
				PRODUCT_NAME = "$(TARGET_NAME)";
			};
			name = Debug;
		};
		BBE081071A983BE900624BD1 /* Release */ = {
			isa = XCBuildConfiguration;
			buildSettings = {
				COMBINE_HIDPI_IMAGES = YES;
				COPY_PHASE_STRIP = NO;
				FRAMEWORK_SEARCH_PATHS = (
					"$(DEVELOPER_FRAMEWORKS_DIR)",
					"$(inherited)",
				);
				INFOPLIST_FILE = SwiftTechnicalQuestionsTests/Info.plist;
				LD_RUNPATH_SEARCH_PATHS = "$(inherited) @executable_path/../Frameworks @loader_path/../Frameworks";
				PRODUCT_NAME = "$(TARGET_NAME)";
			};
			name = Release;
		};
/* End XCBuildConfiguration section */

/* Begin XCConfigurationList section */
		BB6D4A0A1A94548D00BAF2AF /* Build configuration list for PBXProject "SwiftTechnicalQuestions" */ = {
			isa = XCConfigurationList;
			buildConfigurations = (
				BB6D4A141A94548D00BAF2AF /* Debug */,
				BB6D4A151A94548D00BAF2AF /* Release */,
			);
			defaultConfigurationIsVisible = 0;
			defaultConfigurationName = Debug;
		};
		BB6D4A161A94548D00BAF2AF /* Build configuration list for PBXNativeTarget "SwiftTechnicalQuestions" */ = {
			isa = XCConfigurationList;
			buildConfigurations = (
				BB6D4A171A94548D00BAF2AF /* Debug */,
				BB6D4A181A94548D00BAF2AF /* Release */,
			);
			defaultConfigurationIsVisible = 0;
			defaultConfigurationName = Debug;
		};
		BBE081051A983BE900624BD1 /* Build configuration list for PBXNativeTarget "SwiftTechnicalQuestionsTests" */ = {
			isa = XCConfigurationList;
			buildConfigurations = (
				BBE081061A983BE900624BD1 /* Debug */,
				BBE081071A983BE900624BD1 /* Release */,
			);
			defaultConfigurationIsVisible = 0;
			defaultConfigurationName = Debug;
		};
/* End XCConfigurationList section */
	};
	rootObject = BB6D4A071A94548D00BAF2AF /* Project object */;
}
